
Microsoft Visual Studio Solution File, Format Version 12.00
# Visual Studio 2017
Project("{FAE04EC0-301F-11D3-BF4B-00C04F79EFBC}") = "Naves", "Naves.csproj", "{F2FE9600-6F07-514E-7C06-51213F89C947}"
EndProject
Project("{FAE04EC0-301F-11D3-BF4B-00C04F79EFBC}") = "Naves.Editor", "Naves.Editor.csproj", "{36D1DE89-22E1-0156-123A-52DAC9BC6C62}"
EndProject
Global
	GlobalSection(SolutionConfigurationPlatforms) = preSolution
		Debug|Any CPU = Debug|Any CPU
		Release|Any CPU = Release|Any CPU
	EndGlobalSection
	GlobalSection(ProjectConfigurationPlatforms) = postSolution
		{F2FE9600-6F07-514E-7C06-51213F89C947}.Debug|Any CPU.ActiveCfg = Debug|Any CPU
		{F2FE9600-6F07-514E-7C06-51213F89C947}.Debug|Any CPU.Build.0 = Debug|Any CPU
		{F2FE9600-6F07-514E-7C06-51213F89C947}.Release|Any CPU.ActiveCfg = Release|Any CPU
		{F2FE9600-6F07-514E-7C06-51213F89C947}.Release|Any CPU.Build.0 = Release|Any CPU
		{36D1DE89-22E1-0156-123A-52DAC9BC6C62}.Debug|Any CPU.ActiveCfg = Debug|Any CPU
		{36D1DE89-22E1-0156-123A-52DAC9BC6C62}.Debug|Any CPU.Build.0 = Debug|Any CPU
		{36D1DE89-22E1-0156-123A-52DAC9BC6C62}.Release|Any CPU.ActiveCfg = Release|Any CPU
		{36D1DE89-22E1-0156-123A-52DAC9BC6C62}.Release|Any CPU.Build.0 = Release|Any CPU
	EndGlobalSection
	GlobalSection(SolutionProperties) = preSolution
		HideSolutionNode = FALSE
	EndGlobalSection
EndGlobal
